
Microsoft Visual Studio Solution File, Format Version 12.00
# Visual Studio 15
VisualStudioVersion = 15.0.27130.2036
MinimumVisualStudioVersion = 10.0.40219.1
Project("{FAE04EC0-301F-11D3-BF4B-00C04F79EFBC}") = "Interactr", "Interactr.csproj", "{951A91E8-F6CD-4250-A59D-45EFE143F2D9}"
EndProject
Project("{FAE04EC0-301F-11D3-BF4B-00C04F79EFBC}") = "Interactr.Tests", "..\Interactr.Tests\Interactr.Tests.csproj", "{8EDF4429-251A-416D-BB68-93F227191BCF}"
EndProject
Global
	GlobalSection(SolutionConfigurationPlatforms) = preSolution
		Debug|Any CPU = Debug|Any CPU
		Release|Any CPU = Release|Any CPU
	EndGlobalSection
	GlobalSection(ProjectConfigurationPlatforms) = postSolution
		{951A91E8-F6CD-4250-A59D-45EFE143F2D9}.Debug|Any CPU.ActiveCfg = Debug|Any CPU
		{951A91E8-F6CD-4250-A59D-45EFE143F2D9}.Debug|Any CPU.Build.0 = Debug|Any CPU
		{951A91E8-F6CD-4250-A59D-45EFE143F2D9}.Release|Any CPU.ActiveCfg = Release|Any CPU
		{951A91E8-F6CD-4250-A59D-45EFE143F2D9}.Release|Any CPU.Build.0 = Release|Any CPU
		{8EDF4429-251A-416D-BB68-93F227191BCF}.Debug|Any CPU.ActiveCfg = Debug|Any CPU
		{8EDF4429-251A-416D-BB68-93F227191BCF}.Debug|Any CPU.Build.0 = Debug|Any CPU
		{8EDF4429-251A-416D-BB68-93F227191BCF}.Release|Any CPU.ActiveCfg = Release|Any CPU
		{8EDF4429-251A-416D-BB68-93F227191BCF}.Release|Any CPU.Build.0 = Release|Any CPU
	EndGlobalSection
	GlobalSection(SolutionProperties) = preSolution
		HideSolutionNode = FALSE
	EndGlobalSection
	GlobalSection(ExtensibilityGlobals) = postSolution
		SolutionGuid = {1C34DB6C-059D-42FA-B641-87B90E2AA3FF}
	EndGlobalSection
EndGlobal
